
Microsoft Visual Studio Solution File, Format Version 12.00
# Visual Studio 15
VisualStudioVersion = 15.0.26124.0
MinimumVisualStudioVersion = 15.0.26124.0
Project("{2150E333-8FDC-42A3-9474-1A3956D46DE8}") = "Code", "Code", "{7B59DA79-04C6-4E95-8E74-727F958C6E45}"
EndProject
Project("{FAE04EC0-301F-11D3-BF4B-00C04F79EFBC}") = "temp-manage-service.Api", "Code\temp-manage-service.Api\temp-manage-service.Api.csproj", "{EB91FAEE-1083-4DD1-BCEA-FFF65FF581F8}"
EndProject
Project("{FAE04EC0-301F-11D3-BF4B-00C04F79EFBC}") = "temp-manage-service.Business", "Code\temp-manage-service.Business\temp-manage-service.Business.csproj", "{AF2413A6-CED7-4EF8-BCB2-C39DA52466F0}"
EndProject
Project("{FAE04EC0-301F-11D3-BF4B-00C04F79EFBC}") = "temp-manage-service.Data", "Code\temp-manage-service.Data\temp-manage-service.Data.csproj", "{403E83F7-4FDD-49FA-8FEE-E108F7F41CA1}"
EndProject
Project("{FAE04EC0-301F-11D3-BF4B-00C04F79EFBC}") = "temp-manage-service.Entities", "Code\temp-manage-service.Entities\temp-manage-service.Entities.csproj", "{F1162EFB-A0B0-44EE-B470-14FC2C5E61F6}"
EndProject
Project("{FAE04EC0-301F-11D3-BF4B-00C04F79EFBC}") = "temp-manage-service.Test.Api", "Code\temp-manage-service.Test.Api\temp-manage-service.Test.Api.csproj", "{2D00C0B4-C856-4B30-94DD-1CCDD9F15446}"
EndProject
Project("{FAE04EC0-301F-11D3-BF4B-00C04F79EFBC}") = "temp-manage-service.Test.Business", "Code\temp-manage-service.Test.Business\temp-manage-service.Test.Business.csproj", "{C58A58E1-AAB9-4508-9710-280690CE44EA}"
EndProject
Project("{FAE04EC0-301F-11D3-BF4B-00C04F79EFBC}") = "temp-manage-service.Test.Framework", "Code\temp-manage-service.Test.Framework\temp-manage-service.Test.Framework.csproj", "{F5ECA420-AB74-46D7-ABE5-5393378D54EB}"
EndProject
Project("{2150E333-8FDC-42A3-9474-1A3956D46DE8}") = "Test", "Test", "{057CDBAD-169A-4DEE-BDC1-0948454369B7}"
EndProject
Global
	GlobalSection(SolutionConfigurationPlatforms) = preSolution
		Debug|Any CPU = Debug|Any CPU
		Debug|x64 = Debug|x64
		Debug|x86 = Debug|x86
		Release|Any CPU = Release|Any CPU
		Release|x64 = Release|x64
		Release|x86 = Release|x86
	EndGlobalSection
	GlobalSection(SolutionProperties) = preSolution
		HideSolutionNode = FALSE
	EndGlobalSection
	GlobalSection(ProjectConfigurationPlatforms) = postSolution
		{EB91FAEE-1083-4DD1-BCEA-FFF65FF581F8}.Debug|Any CPU.ActiveCfg = Debug|Any CPU
		{EB91FAEE-1083-4DD1-BCEA-FFF65FF581F8}.Debug|Any CPU.Build.0 = Debug|Any CPU
		{EB91FAEE-1083-4DD1-BCEA-FFF65FF581F8}.Debug|x64.ActiveCfg = Debug|Any CPU
		{EB91FAEE-1083-4DD1-BCEA-FFF65FF581F8}.Debug|x64.Build.0 = Debug|Any CPU
		{EB91FAEE-1083-4DD1-BCEA-FFF65FF581F8}.Debug|x86.ActiveCfg = Debug|Any CPU
		{EB91FAEE-1083-4DD1-BCEA-FFF65FF581F8}.Debug|x86.Build.0 = Debug|Any CPU
		{EB91FAEE-1083-4DD1-BCEA-FFF65FF581F8}.Release|Any CPU.ActiveCfg = Release|Any CPU
		{EB91FAEE-1083-4DD1-BCEA-FFF65FF581F8}.Release|Any CPU.Build.0 = Release|Any CPU
		{EB91FAEE-1083-4DD1-BCEA-FFF65FF581F8}.Release|x64.ActiveCfg = Release|Any CPU
		{EB91FAEE-1083-4DD1-BCEA-FFF65FF581F8}.Release|x64.Build.0 = Release|Any CPU
		{EB91FAEE-1083-4DD1-BCEA-FFF65FF581F8}.Release|x86.ActiveCfg = Release|Any CPU
		{EB91FAEE-1083-4DD1-BCEA-FFF65FF581F8}.Release|x86.Build.0 = Release|Any CPU
		{AF2413A6-CED7-4EF8-BCB2-C39DA52466F0}.Debug|Any CPU.ActiveCfg = Debug|Any CPU
		{AF2413A6-CED7-4EF8-BCB2-C39DA52466F0}.Debug|Any CPU.Build.0 = Debug|Any CPU
		{AF2413A6-CED7-4EF8-BCB2-C39DA52466F0}.Debug|x64.ActiveCfg = Debug|Any CPU
		{AF2413A6-CED7-4EF8-BCB2-C39DA52466F0}.Debug|x64.Build.0 = Debug|Any CPU
		{AF2413A6-CED7-4EF8-BCB2-C39DA52466F0}.Debug|x86.ActiveCfg = Debug|Any CPU
		{AF2413A6-CED7-4EF8-BCB2-C39DA52466F0}.Debug|x86.Build.0 = Debug|Any CPU
		{AF2413A6-CED7-4EF8-BCB2-C39DA52466F0}.Release|Any CPU.ActiveCfg = Release|Any CPU
		{AF2413A6-CED7-4EF8-BCB2-C39DA52466F0}.Release|Any CPU.Build.0 = Release|Any CPU
		{AF2413A6-CED7-4EF8-BCB2-C39DA52466F0}.Release|x64.ActiveCfg = Release|Any CPU
		{AF2413A6-CED7-4EF8-BCB2-C39DA52466F0}.Release|x64.Build.0 = Release|Any CPU
		{AF2413A6-CED7-4EF8-BCB2-C39DA52466F0}.Release|x86.ActiveCfg = Release|Any CPU
		{AF2413A6-CED7-4EF8-BCB2-C39DA52466F0}.Release|x86.Build.0 = Release|Any CPU
		{403E83F7-4FDD-49FA-8FEE-E108F7F41CA1}.Debug|Any CPU.ActiveCfg = Debug|Any CPU
		{403E83F7-4FDD-49FA-8FEE-E108F7F41CA1}.Debug|Any CPU.Build.0 = Debug|Any CPU
		{403E83F7-4FDD-49FA-8FEE-E108F7F41CA1}.Debug|x64.ActiveCfg = Debug|Any CPU
		{403E83F7-4FDD-49FA-8FEE-E108F7F41CA1}.Debug|x64.Build.0 = Debug|Any CPU
		{403E83F7-4FDD-49FA-8FEE-E108F7F41CA1}.Debug|x86.ActiveCfg = Debug|Any CPU
		{403E83F7-4FDD-49FA-8FEE-E108F7F41CA1}.Debug|x86.Build.0 = Debug|Any CPU
		{403E83F7-4FDD-49FA-8FEE-E108F7F41CA1}.Release|Any CPU.ActiveCfg = Release|Any CPU
		{403E83F7-4FDD-49FA-8FEE-E108F7F41CA1}.Release|Any CPU.Build.0 = Release|Any CPU
		{403E83F7-4FDD-49FA-8FEE-E108F7F41CA1}.Release|x64.ActiveCfg = Release|Any CPU
		{403E83F7-4FDD-49FA-8FEE-E108F7F41CA1}.Release|x64.Build.0 = Release|Any CPU
		{403E83F7-4FDD-49FA-8FEE-E108F7F41CA1}.Release|x86.ActiveCfg = Release|Any CPU
		{403E83F7-4FDD-49FA-8FEE-E108F7F41CA1}.Release|x86.Build.0 = Release|Any CPU
		{F1162EFB-A0B0-44EE-B470-14FC2C5E61F6}.Debug|Any CPU.ActiveCfg = Debug|Any CPU
		{F1162EFB-A0B0-44EE-B470-14FC2C5E61F6}.Debug|Any CPU.Build.0 = Debug|Any CPU
		{F1162EFB-A0B0-44EE-B470-14FC2C5E61F6}.Debug|x64.ActiveCfg = Debug|Any CPU
		{F1162EFB-A0B0-44EE-B470-14FC2C5E61F6}.Debug|x64.Build.0 = Debug|Any CPU
		{F1162EFB-A0B0-44EE-B470-14FC2C5E61F6}.Debug|x86.ActiveCfg = Debug|Any CPU
		{F1162EFB-A0B0-44EE-B470-14FC2C5E61F6}.Debug|x86.Build.0 = Debug|Any CPU
		{F1162EFB-A0B0-44EE-B470-14FC2C5E61F6}.Release|Any CPU.ActiveCfg = Release|Any CPU
		{F1162EFB-A0B0-44EE-B470-14FC2C5E61F6}.Release|Any CPU.Build.0 = Release|Any CPU
		{F1162EFB-A0B0-44EE-B470-14FC2C5E61F6}.Release|x64.ActiveCfg = Release|Any CPU
		{F1162EFB-A0B0-44EE-B470-14FC2C5E61F6}.Release|x64.Build.0 = Release|Any CPU
		{F1162EFB-A0B0-44EE-B470-14FC2C5E61F6}.Release|x86.ActiveCfg = Release|Any CPU
		{F1162EFB-A0B0-44EE-B470-14FC2C5E61F6}.Release|x86.Build.0 = Release|Any CPU
		{2D00C0B4-C856-4B30-94DD-1CCDD9F15446}.Debug|Any CPU.ActiveCfg = Debug|Any CPU
		{2D00C0B4-C856-4B30-94DD-1CCDD9F15446}.Debug|Any CPU.Build.0 = Debug|Any CPU
		{2D00C0B4-C856-4B30-94DD-1CCDD9F15446}.Debug|x64.ActiveCfg = Debug|Any CPU
		{2D00C0B4-C856-4B30-94DD-1CCDD9F15446}.Debug|x64.Build.0 = Debug|Any CPU
		{2D00C0B4-C856-4B30-94DD-1CCDD9F15446}.Debug|x86.ActiveCfg = Debug|Any CPU
		{2D00C0B4-C856-4B30-94DD-1CCDD9F15446}.Debug|x86.Build.0 = Debug|Any CPU
		{2D00C0B4-C856-4B30-94DD-1CCDD9F15446}.Release|Any CPU.ActiveCfg = Release|Any CPU
		{2D00C0B4-C856-4B30-94DD-1CCDD9F15446}.Release|Any CPU.Build.0 = Release|Any CPU
		{2D00C0B4-C856-4B30-94DD-1CCDD9F15446}.Release|x64.ActiveCfg = Release|Any CPU
		{2D00C0B4-C856-4B30-94DD-1CCDD9F15446}.Release|x64.Build.0 = Release|Any CPU
		{2D00C0B4-C856-4B30-94DD-1CCDD9F15446}.Release|x86.ActiveCfg = Release|Any CPU
		{2D00C0B4-C856-4B30-94DD-1CCDD9F15446}.Release|x86.Build.0 = Release|Any CPU
		{C58A58E1-AAB9-4508-9710-280690CE44EA}.Debug|Any CPU.ActiveCfg = Debug|Any CPU
		{C58A58E1-AAB9-4508-9710-280690CE44EA}.Debug|Any CPU.Build.0 = Debug|Any CPU
		{C58A58E1-AAB9-4508-9710-280690CE44EA}.Debug|x64.ActiveCfg = Debug|Any CPU
		{C58A58E1-AAB9-4508-9710-280690CE44EA}.Debug|x64.Build.0 = Debug|Any CPU
		{C58A58E1-AAB9-4508-9710-280690CE44EA}.Debug|x86.ActiveCfg = Debug|Any CPU
		{C58A58E1-AAB9-4508-9710-280690CE44EA}.Debug|x86.Build.0 = Debug|Any CPU
		{C58A58E1-AAB9-4508-9710-280690CE44EA}.Release|Any CPU.ActiveCfg = Release|Any CPU
		{C58A58E1-AAB9-4508-9710-280690CE44EA}.Release|Any CPU.Build.0 = Release|Any CPU
		{C58A58E1-AAB9-4508-9710-280690CE44EA}.Release|x64.ActiveCfg = Release|Any CPU
		{C58A58E1-AAB9-4508-9710-280690CE44EA}.Release|x64.Build.0 = Release|Any CPU
		{C58A58E1-AAB9-4508-9710-280690CE44EA}.Release|x86.ActiveCfg = Release|Any CPU
		{C58A58E1-AAB9-4508-9710-280690CE44EA}.Release|x86.Build.0 = Release|Any CPU
		{F5ECA420-AB74-46D7-ABE5-5393378D54EB}.Debug|Any CPU.ActiveCfg = Debug|Any CPU
		{F5ECA420-AB74-46D7-ABE5-5393378D54EB}.Debug|Any CPU.Build.0 = Debug|Any CPU
		{F5ECA420-AB74-46D7-ABE5-5393378D54EB}.Debug|x64.ActiveCfg = Debug|Any CPU
		{F5ECA420-AB74-46D7-ABE5-5393378D54EB}.Debug|x64.Build.0 = Debug|Any CPU
		{F5ECA420-AB74-46D7-ABE5-5393378D54EB}.Debug|x86.ActiveCfg = Debug|Any CPU
		{F5ECA420-AB74-46D7-ABE5-5393378D54EB}.Debug|x86.Build.0 = Debug|Any CPU
		{F5ECA420-AB74-46D7-ABE5-5393378D54EB}.Release|Any CPU.ActiveCfg = Release|Any CPU
		{F5ECA420-AB74-46D7-ABE5-5393378D54EB}.Release|Any CPU.Build.0 = Release|Any CPU
		{F5ECA420-AB74-46D7-ABE5-5393378D54EB}.Release|x64.ActiveCfg = Release|Any CPU
		{F5ECA420-AB74-46D7-ABE5-5393378D54EB}.Release|x64.Build.0 = Release|Any CPU
		{F5ECA420-AB74-46D7-ABE5-5393378D54EB}.Release|x86.ActiveCfg = Release|Any CPU
		{F5ECA420-AB74-46D7-ABE5-5393378D54EB}.Release|x86.Build.0 = Release|Any CPU
	EndGlobalSection
	GlobalSection(NestedProjects) = preSolution
		{EB91FAEE-1083-4DD1-BCEA-FFF65FF581F8} = {7B59DA79-04C6-4E95-8E74-727F958C6E45}
		{AF2413A6-CED7-4EF8-BCB2-C39DA52466F0} = {7B59DA79-04C6-4E95-8E74-727F958C6E45}
		{403E83F7-4FDD-49FA-8FEE-E108F7F41CA1} = {7B59DA79-04C6-4E95-8E74-727F958C6E45}
		{F1162EFB-A0B0-44EE-B470-14FC2C5E61F6} = {7B59DA79-04C6-4E95-8E74-727F958C6E45}
		{2D00C0B4-C856-4B30-94DD-1CCDD9F15446} = {057CDBAD-169A-4DEE-BDC1-0948454369B7}
		{C58A58E1-AAB9-4508-9710-280690CE44EA} = {057CDBAD-169A-4DEE-BDC1-0948454369B7}
		{F5ECA420-AB74-46D7-ABE5-5393378D54EB} = {057CDBAD-169A-4DEE-BDC1-0948454369B7}
	EndGlobalSection
EndGlobal
