
Microsoft Visual Studio Solution File, Format Version 12.00
# Visual Studio 15
VisualStudioVersion = 15.0.26124.0
MinimumVisualStudioVersion = 15.0.26124.0
Project("{2150E333-8FDC-42A3-9474-1A3956D46DE8}") = "Code", "Code", "{EFF95C27-A4C3-4C78-BE13-22693C1AB3F0}"
EndProject
Project("{FAE04EC0-301F-11D3-BF4B-00C04F79EFBC}") = "web-jj.Api", "Code\web-jj.Api\web-jj.Api.csproj", "{18F4E513-9440-4B80-8117-AFDA693E39CB}"
EndProject
Project("{FAE04EC0-301F-11D3-BF4B-00C04F79EFBC}") = "web-jj.Business", "Code\web-jj.Business\web-jj.Business.csproj", "{35804710-F972-4F5C-A735-6A4291FCD782}"
EndProject
Project("{FAE04EC0-301F-11D3-BF4B-00C04F79EFBC}") = "web-jj.Data", "Code\web-jj.Data\web-jj.Data.csproj", "{168184AF-FA09-4588-8ED7-848A4FBC2D6F}"
EndProject
Project("{FAE04EC0-301F-11D3-BF4B-00C04F79EFBC}") = "web-jj.Entities", "Code\web-jj.Entities\web-jj.Entities.csproj", "{666252AA-91FA-4CB2-B5E3-51F72C70737E}"
EndProject
Project("{FAE04EC0-301F-11D3-BF4B-00C04F79EFBC}") = "web-jj.Test.Api", "Code\web-jj.Test.Api\web-jj.Test.Api.csproj", "{C1E64137-AD99-4FD8-A7D7-57CBBE781B3A}"
EndProject
Project("{FAE04EC0-301F-11D3-BF4B-00C04F79EFBC}") = "web-jj.Test.Business", "Code\web-jj.Test.Business\web-jj.Test.Business.csproj", "{42B53D54-A36C-4090-A3AB-CA8232C4FD1F}"
EndProject
Project("{FAE04EC0-301F-11D3-BF4B-00C04F79EFBC}") = "web-jj.Test.Framework", "Code\web-jj.Test.Framework\web-jj.Test.Framework.csproj", "{1D1095EE-EC67-494E-BD5C-990B26212762}"
EndProject
Project("{2150E333-8FDC-42A3-9474-1A3956D46DE8}") = "Test", "Test", "{89451E29-3E1B-4BC1-BA59-344BAC1D0182}"
EndProject
Global
	GlobalSection(SolutionConfigurationPlatforms) = preSolution
		Debug|Any CPU = Debug|Any CPU
		Debug|x64 = Debug|x64
		Debug|x86 = Debug|x86
		Release|Any CPU = Release|Any CPU
		Release|x64 = Release|x64
		Release|x86 = Release|x86
	EndGlobalSection
	GlobalSection(SolutionProperties) = preSolution
		HideSolutionNode = FALSE
	EndGlobalSection
	GlobalSection(ProjectConfigurationPlatforms) = postSolution
		{18F4E513-9440-4B80-8117-AFDA693E39CB}.Debug|Any CPU.ActiveCfg = Debug|Any CPU
		{18F4E513-9440-4B80-8117-AFDA693E39CB}.Debug|Any CPU.Build.0 = Debug|Any CPU
		{18F4E513-9440-4B80-8117-AFDA693E39CB}.Debug|x64.ActiveCfg = Debug|Any CPU
		{18F4E513-9440-4B80-8117-AFDA693E39CB}.Debug|x64.Build.0 = Debug|Any CPU
		{18F4E513-9440-4B80-8117-AFDA693E39CB}.Debug|x86.ActiveCfg = Debug|Any CPU
		{18F4E513-9440-4B80-8117-AFDA693E39CB}.Debug|x86.Build.0 = Debug|Any CPU
		{18F4E513-9440-4B80-8117-AFDA693E39CB}.Release|Any CPU.ActiveCfg = Release|Any CPU
		{18F4E513-9440-4B80-8117-AFDA693E39CB}.Release|Any CPU.Build.0 = Release|Any CPU
		{18F4E513-9440-4B80-8117-AFDA693E39CB}.Release|x64.ActiveCfg = Release|Any CPU
		{18F4E513-9440-4B80-8117-AFDA693E39CB}.Release|x64.Build.0 = Release|Any CPU
		{18F4E513-9440-4B80-8117-AFDA693E39CB}.Release|x86.ActiveCfg = Release|Any CPU
		{18F4E513-9440-4B80-8117-AFDA693E39CB}.Release|x86.Build.0 = Release|Any CPU
		{35804710-F972-4F5C-A735-6A4291FCD782}.Debug|Any CPU.ActiveCfg = Debug|Any CPU
		{35804710-F972-4F5C-A735-6A4291FCD782}.Debug|Any CPU.Build.0 = Debug|Any CPU
		{35804710-F972-4F5C-A735-6A4291FCD782}.Debug|x64.ActiveCfg = Debug|Any CPU
		{35804710-F972-4F5C-A735-6A4291FCD782}.Debug|x64.Build.0 = Debug|Any CPU
		{35804710-F972-4F5C-A735-6A4291FCD782}.Debug|x86.ActiveCfg = Debug|Any CPU
		{35804710-F972-4F5C-A735-6A4291FCD782}.Debug|x86.Build.0 = Debug|Any CPU
		{35804710-F972-4F5C-A735-6A4291FCD782}.Release|Any CPU.ActiveCfg = Release|Any CPU
		{35804710-F972-4F5C-A735-6A4291FCD782}.Release|Any CPU.Build.0 = Release|Any CPU
		{35804710-F972-4F5C-A735-6A4291FCD782}.Release|x64.ActiveCfg = Release|Any CPU
		{35804710-F972-4F5C-A735-6A4291FCD782}.Release|x64.Build.0 = Release|Any CPU
		{35804710-F972-4F5C-A735-6A4291FCD782}.Release|x86.ActiveCfg = Release|Any CPU
		{35804710-F972-4F5C-A735-6A4291FCD782}.Release|x86.Build.0 = Release|Any CPU
		{168184AF-FA09-4588-8ED7-848A4FBC2D6F}.Debug|Any CPU.ActiveCfg = Debug|Any CPU
		{168184AF-FA09-4588-8ED7-848A4FBC2D6F}.Debug|Any CPU.Build.0 = Debug|Any CPU
		{168184AF-FA09-4588-8ED7-848A4FBC2D6F}.Debug|x64.ActiveCfg = Debug|Any CPU
		{168184AF-FA09-4588-8ED7-848A4FBC2D6F}.Debug|x64.Build.0 = Debug|Any CPU
		{168184AF-FA09-4588-8ED7-848A4FBC2D6F}.Debug|x86.ActiveCfg = Debug|Any CPU
		{168184AF-FA09-4588-8ED7-848A4FBC2D6F}.Debug|x86.Build.0 = Debug|Any CPU
		{168184AF-FA09-4588-8ED7-848A4FBC2D6F}.Release|Any CPU.ActiveCfg = Release|Any CPU
		{168184AF-FA09-4588-8ED7-848A4FBC2D6F}.Release|Any CPU.Build.0 = Release|Any CPU
		{168184AF-FA09-4588-8ED7-848A4FBC2D6F}.Release|x64.ActiveCfg = Release|Any CPU
		{168184AF-FA09-4588-8ED7-848A4FBC2D6F}.Release|x64.Build.0 = Release|Any CPU
		{168184AF-FA09-4588-8ED7-848A4FBC2D6F}.Release|x86.ActiveCfg = Release|Any CPU
		{168184AF-FA09-4588-8ED7-848A4FBC2D6F}.Release|x86.Build.0 = Release|Any CPU
		{666252AA-91FA-4CB2-B5E3-51F72C70737E}.Debug|Any CPU.ActiveCfg = Debug|Any CPU
		{666252AA-91FA-4CB2-B5E3-51F72C70737E}.Debug|Any CPU.Build.0 = Debug|Any CPU
		{666252AA-91FA-4CB2-B5E3-51F72C70737E}.Debug|x64.ActiveCfg = Debug|Any CPU
		{666252AA-91FA-4CB2-B5E3-51F72C70737E}.Debug|x64.Build.0 = Debug|Any CPU
		{666252AA-91FA-4CB2-B5E3-51F72C70737E}.Debug|x86.ActiveCfg = Debug|Any CPU
		{666252AA-91FA-4CB2-B5E3-51F72C70737E}.Debug|x86.Build.0 = Debug|Any CPU
		{666252AA-91FA-4CB2-B5E3-51F72C70737E}.Release|Any CPU.ActiveCfg = Release|Any CPU
		{666252AA-91FA-4CB2-B5E3-51F72C70737E}.Release|Any CPU.Build.0 = Release|Any CPU
		{666252AA-91FA-4CB2-B5E3-51F72C70737E}.Release|x64.ActiveCfg = Release|Any CPU
		{666252AA-91FA-4CB2-B5E3-51F72C70737E}.Release|x64.Build.0 = Release|Any CPU
		{666252AA-91FA-4CB2-B5E3-51F72C70737E}.Release|x86.ActiveCfg = Release|Any CPU
		{666252AA-91FA-4CB2-B5E3-51F72C70737E}.Release|x86.Build.0 = Release|Any CPU
		{C1E64137-AD99-4FD8-A7D7-57CBBE781B3A}.Debug|Any CPU.ActiveCfg = Debug|Any CPU
		{C1E64137-AD99-4FD8-A7D7-57CBBE781B3A}.Debug|Any CPU.Build.0 = Debug|Any CPU
		{C1E64137-AD99-4FD8-A7D7-57CBBE781B3A}.Debug|x64.ActiveCfg = Debug|Any CPU
		{C1E64137-AD99-4FD8-A7D7-57CBBE781B3A}.Debug|x64.Build.0 = Debug|Any CPU
		{C1E64137-AD99-4FD8-A7D7-57CBBE781B3A}.Debug|x86.ActiveCfg = Debug|Any CPU
		{C1E64137-AD99-4FD8-A7D7-57CBBE781B3A}.Debug|x86.Build.0 = Debug|Any CPU
		{C1E64137-AD99-4FD8-A7D7-57CBBE781B3A}.Release|Any CPU.ActiveCfg = Release|Any CPU
		{C1E64137-AD99-4FD8-A7D7-57CBBE781B3A}.Release|Any CPU.Build.0 = Release|Any CPU
		{C1E64137-AD99-4FD8-A7D7-57CBBE781B3A}.Release|x64.ActiveCfg = Release|Any CPU
		{C1E64137-AD99-4FD8-A7D7-57CBBE781B3A}.Release|x64.Build.0 = Release|Any CPU
		{C1E64137-AD99-4FD8-A7D7-57CBBE781B3A}.Release|x86.ActiveCfg = Release|Any CPU
		{C1E64137-AD99-4FD8-A7D7-57CBBE781B3A}.Release|x86.Build.0 = Release|Any CPU
		{42B53D54-A36C-4090-A3AB-CA8232C4FD1F}.Debug|Any CPU.ActiveCfg = Debug|Any CPU
		{42B53D54-A36C-4090-A3AB-CA8232C4FD1F}.Debug|Any CPU.Build.0 = Debug|Any CPU
		{42B53D54-A36C-4090-A3AB-CA8232C4FD1F}.Debug|x64.ActiveCfg = Debug|Any CPU
		{42B53D54-A36C-4090-A3AB-CA8232C4FD1F}.Debug|x64.Build.0 = Debug|Any CPU
		{42B53D54-A36C-4090-A3AB-CA8232C4FD1F}.Debug|x86.ActiveCfg = Debug|Any CPU
		{42B53D54-A36C-4090-A3AB-CA8232C4FD1F}.Debug|x86.Build.0 = Debug|Any CPU
		{42B53D54-A36C-4090-A3AB-CA8232C4FD1F}.Release|Any CPU.ActiveCfg = Release|Any CPU
		{42B53D54-A36C-4090-A3AB-CA8232C4FD1F}.Release|Any CPU.Build.0 = Release|Any CPU
		{42B53D54-A36C-4090-A3AB-CA8232C4FD1F}.Release|x64.ActiveCfg = Release|Any CPU
		{42B53D54-A36C-4090-A3AB-CA8232C4FD1F}.Release|x64.Build.0 = Release|Any CPU
		{42B53D54-A36C-4090-A3AB-CA8232C4FD1F}.Release|x86.ActiveCfg = Release|Any CPU
		{42B53D54-A36C-4090-A3AB-CA8232C4FD1F}.Release|x86.Build.0 = Release|Any CPU
		{1D1095EE-EC67-494E-BD5C-990B26212762}.Debug|Any CPU.ActiveCfg = Debug|Any CPU
		{1D1095EE-EC67-494E-BD5C-990B26212762}.Debug|Any CPU.Build.0 = Debug|Any CPU
		{1D1095EE-EC67-494E-BD5C-990B26212762}.Debug|x64.ActiveCfg = Debug|Any CPU
		{1D1095EE-EC67-494E-BD5C-990B26212762}.Debug|x64.Build.0 = Debug|Any CPU
		{1D1095EE-EC67-494E-BD5C-990B26212762}.Debug|x86.ActiveCfg = Debug|Any CPU
		{1D1095EE-EC67-494E-BD5C-990B26212762}.Debug|x86.Build.0 = Debug|Any CPU
		{1D1095EE-EC67-494E-BD5C-990B26212762}.Release|Any CPU.ActiveCfg = Release|Any CPU
		{1D1095EE-EC67-494E-BD5C-990B26212762}.Release|Any CPU.Build.0 = Release|Any CPU
		{1D1095EE-EC67-494E-BD5C-990B26212762}.Release|x64.ActiveCfg = Release|Any CPU
		{1D1095EE-EC67-494E-BD5C-990B26212762}.Release|x64.Build.0 = Release|Any CPU
		{1D1095EE-EC67-494E-BD5C-990B26212762}.Release|x86.ActiveCfg = Release|Any CPU
		{1D1095EE-EC67-494E-BD5C-990B26212762}.Release|x86.Build.0 = Release|Any CPU
	EndGlobalSection
	GlobalSection(NestedProjects) = preSolution
		{18F4E513-9440-4B80-8117-AFDA693E39CB} = {EFF95C27-A4C3-4C78-BE13-22693C1AB3F0}
		{35804710-F972-4F5C-A735-6A4291FCD782} = {EFF95C27-A4C3-4C78-BE13-22693C1AB3F0}
		{168184AF-FA09-4588-8ED7-848A4FBC2D6F} = {EFF95C27-A4C3-4C78-BE13-22693C1AB3F0}
		{666252AA-91FA-4CB2-B5E3-51F72C70737E} = {EFF95C27-A4C3-4C78-BE13-22693C1AB3F0}
		{C1E64137-AD99-4FD8-A7D7-57CBBE781B3A} = {89451E29-3E1B-4BC1-BA59-344BAC1D0182}
		{42B53D54-A36C-4090-A3AB-CA8232C4FD1F} = {89451E29-3E1B-4BC1-BA59-344BAC1D0182}
		{1D1095EE-EC67-494E-BD5C-990B26212762} = {89451E29-3E1B-4BC1-BA59-344BAC1D0182}
	EndGlobalSection
EndGlobal
