
Microsoft Visual Studio Solution File, Format Version 12.00
# Visual Studio 15
VisualStudioVersion = 15.0.26124.0
MinimumVisualStudioVersion = 15.0.26124.0
Project("{2150E333-8FDC-42A3-9474-1A3956D46DE8}") = "Code", "Code", "{B5CDA021-5AD0-4719-B70E-D76D1F93CB51}"
EndProject
Project("{FAE04EC0-301F-11D3-BF4B-00C04F79EFBC}") = "iam-service.Api", "Code\iam-service.Api\iam-service.Api.csproj", "{E58C238D-38D5-4B18-AF5A-355FB938C851}"
EndProject
Project("{FAE04EC0-301F-11D3-BF4B-00C04F79EFBC}") = "iam-service.Business", "Code\iam-service.Business\iam-service.Business.csproj", "{EC1F9D67-521E-4BC0-9711-7D653BB2AA0B}"
EndProject
Project("{FAE04EC0-301F-11D3-BF4B-00C04F79EFBC}") = "iam-service.Data", "Code\iam-service.Data\iam-service.Data.csproj", "{0FA591F8-9A90-47C9-9517-D3A6A2868743}"
EndProject
Project("{FAE04EC0-301F-11D3-BF4B-00C04F79EFBC}") = "iam-service.Entities", "Code\iam-service.Entities\iam-service.Entities.csproj", "{C9CDB973-F518-4DE4-BCF6-2FC84044A4BA}"
EndProject
Project("{FAE04EC0-301F-11D3-BF4B-00C04F79EFBC}") = "iam-service.Test.Api", "Code\iam-service.Test.Api\iam-service.Test.Api.csproj", "{8C754234-EFDA-4410-ABE7-E77346FE40D9}"
EndProject
Project("{FAE04EC0-301F-11D3-BF4B-00C04F79EFBC}") = "iam-service.Test.Business", "Code\iam-service.Test.Business\iam-service.Test.Business.csproj", "{A4B078E5-B3EA-42B0-BBC4-2D4D4DA2980A}"
EndProject
Project("{FAE04EC0-301F-11D3-BF4B-00C04F79EFBC}") = "iam-service.Test.Framework", "Code\iam-service.Test.Framework\iam-service.Test.Framework.csproj", "{A23997EE-834B-4577-922C-87567B2E6A19}"
EndProject
Project("{2150E333-8FDC-42A3-9474-1A3956D46DE8}") = "Test", "Test", "{E1A1F642-5EF6-4E10-8F42-34EFDAD87AB4}"
EndProject
Global
	GlobalSection(SolutionConfigurationPlatforms) = preSolution
		Debug|Any CPU = Debug|Any CPU
		Debug|x64 = Debug|x64
		Debug|x86 = Debug|x86
		Release|Any CPU = Release|Any CPU
		Release|x64 = Release|x64
		Release|x86 = Release|x86
	EndGlobalSection
	GlobalSection(SolutionProperties) = preSolution
		HideSolutionNode = FALSE
	EndGlobalSection
	GlobalSection(ProjectConfigurationPlatforms) = postSolution
		{E58C238D-38D5-4B18-AF5A-355FB938C851}.Debug|Any CPU.ActiveCfg = Debug|Any CPU
		{E58C238D-38D5-4B18-AF5A-355FB938C851}.Debug|Any CPU.Build.0 = Debug|Any CPU
		{E58C238D-38D5-4B18-AF5A-355FB938C851}.Debug|x64.ActiveCfg = Debug|Any CPU
		{E58C238D-38D5-4B18-AF5A-355FB938C851}.Debug|x64.Build.0 = Debug|Any CPU
		{E58C238D-38D5-4B18-AF5A-355FB938C851}.Debug|x86.ActiveCfg = Debug|Any CPU
		{E58C238D-38D5-4B18-AF5A-355FB938C851}.Debug|x86.Build.0 = Debug|Any CPU
		{E58C238D-38D5-4B18-AF5A-355FB938C851}.Release|Any CPU.ActiveCfg = Release|Any CPU
		{E58C238D-38D5-4B18-AF5A-355FB938C851}.Release|Any CPU.Build.0 = Release|Any CPU
		{E58C238D-38D5-4B18-AF5A-355FB938C851}.Release|x64.ActiveCfg = Release|Any CPU
		{E58C238D-38D5-4B18-AF5A-355FB938C851}.Release|x64.Build.0 = Release|Any CPU
		{E58C238D-38D5-4B18-AF5A-355FB938C851}.Release|x86.ActiveCfg = Release|Any CPU
		{E58C238D-38D5-4B18-AF5A-355FB938C851}.Release|x86.Build.0 = Release|Any CPU
		{EC1F9D67-521E-4BC0-9711-7D653BB2AA0B}.Debug|Any CPU.ActiveCfg = Debug|Any CPU
		{EC1F9D67-521E-4BC0-9711-7D653BB2AA0B}.Debug|Any CPU.Build.0 = Debug|Any CPU
		{EC1F9D67-521E-4BC0-9711-7D653BB2AA0B}.Debug|x64.ActiveCfg = Debug|Any CPU
		{EC1F9D67-521E-4BC0-9711-7D653BB2AA0B}.Debug|x64.Build.0 = Debug|Any CPU
		{EC1F9D67-521E-4BC0-9711-7D653BB2AA0B}.Debug|x86.ActiveCfg = Debug|Any CPU
		{EC1F9D67-521E-4BC0-9711-7D653BB2AA0B}.Debug|x86.Build.0 = Debug|Any CPU
		{EC1F9D67-521E-4BC0-9711-7D653BB2AA0B}.Release|Any CPU.ActiveCfg = Release|Any CPU
		{EC1F9D67-521E-4BC0-9711-7D653BB2AA0B}.Release|Any CPU.Build.0 = Release|Any CPU
		{EC1F9D67-521E-4BC0-9711-7D653BB2AA0B}.Release|x64.ActiveCfg = Release|Any CPU
		{EC1F9D67-521E-4BC0-9711-7D653BB2AA0B}.Release|x64.Build.0 = Release|Any CPU
		{EC1F9D67-521E-4BC0-9711-7D653BB2AA0B}.Release|x86.ActiveCfg = Release|Any CPU
		{EC1F9D67-521E-4BC0-9711-7D653BB2AA0B}.Release|x86.Build.0 = Release|Any CPU
		{0FA591F8-9A90-47C9-9517-D3A6A2868743}.Debug|Any CPU.ActiveCfg = Debug|Any CPU
		{0FA591F8-9A90-47C9-9517-D3A6A2868743}.Debug|Any CPU.Build.0 = Debug|Any CPU
		{0FA591F8-9A90-47C9-9517-D3A6A2868743}.Debug|x64.ActiveCfg = Debug|Any CPU
		{0FA591F8-9A90-47C9-9517-D3A6A2868743}.Debug|x64.Build.0 = Debug|Any CPU
		{0FA591F8-9A90-47C9-9517-D3A6A2868743}.Debug|x86.ActiveCfg = Debug|Any CPU
		{0FA591F8-9A90-47C9-9517-D3A6A2868743}.Debug|x86.Build.0 = Debug|Any CPU
		{0FA591F8-9A90-47C9-9517-D3A6A2868743}.Release|Any CPU.ActiveCfg = Release|Any CPU
		{0FA591F8-9A90-47C9-9517-D3A6A2868743}.Release|Any CPU.Build.0 = Release|Any CPU
		{0FA591F8-9A90-47C9-9517-D3A6A2868743}.Release|x64.ActiveCfg = Release|Any CPU
		{0FA591F8-9A90-47C9-9517-D3A6A2868743}.Release|x64.Build.0 = Release|Any CPU
		{0FA591F8-9A90-47C9-9517-D3A6A2868743}.Release|x86.ActiveCfg = Release|Any CPU
		{0FA591F8-9A90-47C9-9517-D3A6A2868743}.Release|x86.Build.0 = Release|Any CPU
		{C9CDB973-F518-4DE4-BCF6-2FC84044A4BA}.Debug|Any CPU.ActiveCfg = Debug|Any CPU
		{C9CDB973-F518-4DE4-BCF6-2FC84044A4BA}.Debug|Any CPU.Build.0 = Debug|Any CPU
		{C9CDB973-F518-4DE4-BCF6-2FC84044A4BA}.Debug|x64.ActiveCfg = Debug|Any CPU
		{C9CDB973-F518-4DE4-BCF6-2FC84044A4BA}.Debug|x64.Build.0 = Debug|Any CPU
		{C9CDB973-F518-4DE4-BCF6-2FC84044A4BA}.Debug|x86.ActiveCfg = Debug|Any CPU
		{C9CDB973-F518-4DE4-BCF6-2FC84044A4BA}.Debug|x86.Build.0 = Debug|Any CPU
		{C9CDB973-F518-4DE4-BCF6-2FC84044A4BA}.Release|Any CPU.ActiveCfg = Release|Any CPU
		{C9CDB973-F518-4DE4-BCF6-2FC84044A4BA}.Release|Any CPU.Build.0 = Release|Any CPU
		{C9CDB973-F518-4DE4-BCF6-2FC84044A4BA}.Release|x64.ActiveCfg = Release|Any CPU
		{C9CDB973-F518-4DE4-BCF6-2FC84044A4BA}.Release|x64.Build.0 = Release|Any CPU
		{C9CDB973-F518-4DE4-BCF6-2FC84044A4BA}.Release|x86.ActiveCfg = Release|Any CPU
		{C9CDB973-F518-4DE4-BCF6-2FC84044A4BA}.Release|x86.Build.0 = Release|Any CPU
		{8C754234-EFDA-4410-ABE7-E77346FE40D9}.Debug|Any CPU.ActiveCfg = Debug|Any CPU
		{8C754234-EFDA-4410-ABE7-E77346FE40D9}.Debug|Any CPU.Build.0 = Debug|Any CPU
		{8C754234-EFDA-4410-ABE7-E77346FE40D9}.Debug|x64.ActiveCfg = Debug|Any CPU
		{8C754234-EFDA-4410-ABE7-E77346FE40D9}.Debug|x64.Build.0 = Debug|Any CPU
		{8C754234-EFDA-4410-ABE7-E77346FE40D9}.Debug|x86.ActiveCfg = Debug|Any CPU
		{8C754234-EFDA-4410-ABE7-E77346FE40D9}.Debug|x86.Build.0 = Debug|Any CPU
		{8C754234-EFDA-4410-ABE7-E77346FE40D9}.Release|Any CPU.ActiveCfg = Release|Any CPU
		{8C754234-EFDA-4410-ABE7-E77346FE40D9}.Release|Any CPU.Build.0 = Release|Any CPU
		{8C754234-EFDA-4410-ABE7-E77346FE40D9}.Release|x64.ActiveCfg = Release|Any CPU
		{8C754234-EFDA-4410-ABE7-E77346FE40D9}.Release|x64.Build.0 = Release|Any CPU
		{8C754234-EFDA-4410-ABE7-E77346FE40D9}.Release|x86.ActiveCfg = Release|Any CPU
		{8C754234-EFDA-4410-ABE7-E77346FE40D9}.Release|x86.Build.0 = Release|Any CPU
		{A4B078E5-B3EA-42B0-BBC4-2D4D4DA2980A}.Debug|Any CPU.ActiveCfg = Debug|Any CPU
		{A4B078E5-B3EA-42B0-BBC4-2D4D4DA2980A}.Debug|Any CPU.Build.0 = Debug|Any CPU
		{A4B078E5-B3EA-42B0-BBC4-2D4D4DA2980A}.Debug|x64.ActiveCfg = Debug|Any CPU
		{A4B078E5-B3EA-42B0-BBC4-2D4D4DA2980A}.Debug|x64.Build.0 = Debug|Any CPU
		{A4B078E5-B3EA-42B0-BBC4-2D4D4DA2980A}.Debug|x86.ActiveCfg = Debug|Any CPU
		{A4B078E5-B3EA-42B0-BBC4-2D4D4DA2980A}.Debug|x86.Build.0 = Debug|Any CPU
		{A4B078E5-B3EA-42B0-BBC4-2D4D4DA2980A}.Release|Any CPU.ActiveCfg = Release|Any CPU
		{A4B078E5-B3EA-42B0-BBC4-2D4D4DA2980A}.Release|Any CPU.Build.0 = Release|Any CPU
		{A4B078E5-B3EA-42B0-BBC4-2D4D4DA2980A}.Release|x64.ActiveCfg = Release|Any CPU
		{A4B078E5-B3EA-42B0-BBC4-2D4D4DA2980A}.Release|x64.Build.0 = Release|Any CPU
		{A4B078E5-B3EA-42B0-BBC4-2D4D4DA2980A}.Release|x86.ActiveCfg = Release|Any CPU
		{A4B078E5-B3EA-42B0-BBC4-2D4D4DA2980A}.Release|x86.Build.0 = Release|Any CPU
		{A23997EE-834B-4577-922C-87567B2E6A19}.Debug|Any CPU.ActiveCfg = Debug|Any CPU
		{A23997EE-834B-4577-922C-87567B2E6A19}.Debug|Any CPU.Build.0 = Debug|Any CPU
		{A23997EE-834B-4577-922C-87567B2E6A19}.Debug|x64.ActiveCfg = Debug|Any CPU
		{A23997EE-834B-4577-922C-87567B2E6A19}.Debug|x64.Build.0 = Debug|Any CPU
		{A23997EE-834B-4577-922C-87567B2E6A19}.Debug|x86.ActiveCfg = Debug|Any CPU
		{A23997EE-834B-4577-922C-87567B2E6A19}.Debug|x86.Build.0 = Debug|Any CPU
		{A23997EE-834B-4577-922C-87567B2E6A19}.Release|Any CPU.ActiveCfg = Release|Any CPU
		{A23997EE-834B-4577-922C-87567B2E6A19}.Release|Any CPU.Build.0 = Release|Any CPU
		{A23997EE-834B-4577-922C-87567B2E6A19}.Release|x64.ActiveCfg = Release|Any CPU
		{A23997EE-834B-4577-922C-87567B2E6A19}.Release|x64.Build.0 = Release|Any CPU
		{A23997EE-834B-4577-922C-87567B2E6A19}.Release|x86.ActiveCfg = Release|Any CPU
		{A23997EE-834B-4577-922C-87567B2E6A19}.Release|x86.Build.0 = Release|Any CPU
	EndGlobalSection
	GlobalSection(NestedProjects) = preSolution
		{E58C238D-38D5-4B18-AF5A-355FB938C851} = {B5CDA021-5AD0-4719-B70E-D76D1F93CB51}
		{EC1F9D67-521E-4BC0-9711-7D653BB2AA0B} = {B5CDA021-5AD0-4719-B70E-D76D1F93CB51}
		{0FA591F8-9A90-47C9-9517-D3A6A2868743} = {B5CDA021-5AD0-4719-B70E-D76D1F93CB51}
		{C9CDB973-F518-4DE4-BCF6-2FC84044A4BA} = {B5CDA021-5AD0-4719-B70E-D76D1F93CB51}
		{8C754234-EFDA-4410-ABE7-E77346FE40D9} = {E1A1F642-5EF6-4E10-8F42-34EFDAD87AB4}
		{A4B078E5-B3EA-42B0-BBC4-2D4D4DA2980A} = {E1A1F642-5EF6-4E10-8F42-34EFDAD87AB4}
		{A23997EE-834B-4577-922C-87567B2E6A19} = {E1A1F642-5EF6-4E10-8F42-34EFDAD87AB4}
	EndGlobalSection
EndGlobal
