
Microsoft Visual Studio Solution File, Format Version 12.00
# Visual Studio 15
VisualStudioVersion = 15.0.26124.0
MinimumVisualStudioVersion = 15.0.26124.0
Project("{2150E333-8FDC-42A3-9474-1A3956D46DE8}") = "Code", "Code", "{7532678C-9692-4CA9-A4FF-77EAAC02D24D}"
EndProject
Project("{FAE04EC0-301F-11D3-BF4B-00C04F79EFBC}") = "Dotnettest.Api", "Code\Dotnettest.Api\Dotnettest.Api.csproj", "{DF53B1E5-E9CF-4827-9225-C9B3CD5384B2}"
EndProject
Project("{FAE04EC0-301F-11D3-BF4B-00C04F79EFBC}") = "Dotnettest.Business", "Code\Dotnettest.Business\Dotnettest.Business.csproj", "{5157CE2B-EB05-4851-92DE-C645A2C12300}"
EndProject
Project("{FAE04EC0-301F-11D3-BF4B-00C04F79EFBC}") = "Dotnettest.Data", "Code\Dotnettest.Data\Dotnettest.Data.csproj", "{23C0D14A-706F-4330-9CA3-FE1A8A8FC005}"
EndProject
Project("{FAE04EC0-301F-11D3-BF4B-00C04F79EFBC}") = "Dotnettest.Entities", "Code\Dotnettest.Entities\Dotnettest.Entities.csproj", "{9A377254-3A77-456D-9DC9-7A56EEE05EF3}"
EndProject
Project("{FAE04EC0-301F-11D3-BF4B-00C04F79EFBC}") = "Dotnettest.Test.Api", "Code\Dotnettest.Test.Api\Dotnettest.Test.Api.csproj", "{2ECC6D5C-E23B-418F-8C43-632928E4927C}"
EndProject
Project("{FAE04EC0-301F-11D3-BF4B-00C04F79EFBC}") = "Dotnettest.Test.Business", "Code\Dotnettest.Test.Business\Dotnettest.Test.Business.csproj", "{EB0878BD-BDEC-498B-A357-45B087E5D87E}"
EndProject
Project("{FAE04EC0-301F-11D3-BF4B-00C04F79EFBC}") = "Dotnettest.Test.Framework", "Code\Dotnettest.Test.Framework\Dotnettest.Test.Framework.csproj", "{7A81C284-6927-4C91-8DE2-94B9978B2C92}"
EndProject
Project("{2150E333-8FDC-42A3-9474-1A3956D46DE8}") = "Test", "Test", "{D24ABD2D-FC43-42E8-8A0A-7B9A9E1B6ADE}"
EndProject
Global
	GlobalSection(SolutionConfigurationPlatforms) = preSolution
		Debug|Any CPU = Debug|Any CPU
		Debug|x64 = Debug|x64
		Debug|x86 = Debug|x86
		Release|Any CPU = Release|Any CPU
		Release|x64 = Release|x64
		Release|x86 = Release|x86
	EndGlobalSection
	GlobalSection(SolutionProperties) = preSolution
		HideSolutionNode = FALSE
	EndGlobalSection
	GlobalSection(ProjectConfigurationPlatforms) = postSolution
		{DF53B1E5-E9CF-4827-9225-C9B3CD5384B2}.Debug|Any CPU.ActiveCfg = Debug|Any CPU
		{DF53B1E5-E9CF-4827-9225-C9B3CD5384B2}.Debug|Any CPU.Build.0 = Debug|Any CPU
		{DF53B1E5-E9CF-4827-9225-C9B3CD5384B2}.Debug|x64.ActiveCfg = Debug|Any CPU
		{DF53B1E5-E9CF-4827-9225-C9B3CD5384B2}.Debug|x64.Build.0 = Debug|Any CPU
		{DF53B1E5-E9CF-4827-9225-C9B3CD5384B2}.Debug|x86.ActiveCfg = Debug|Any CPU
		{DF53B1E5-E9CF-4827-9225-C9B3CD5384B2}.Debug|x86.Build.0 = Debug|Any CPU
		{DF53B1E5-E9CF-4827-9225-C9B3CD5384B2}.Release|Any CPU.ActiveCfg = Release|Any CPU
		{DF53B1E5-E9CF-4827-9225-C9B3CD5384B2}.Release|Any CPU.Build.0 = Release|Any CPU
		{DF53B1E5-E9CF-4827-9225-C9B3CD5384B2}.Release|x64.ActiveCfg = Release|Any CPU
		{DF53B1E5-E9CF-4827-9225-C9B3CD5384B2}.Release|x64.Build.0 = Release|Any CPU
		{DF53B1E5-E9CF-4827-9225-C9B3CD5384B2}.Release|x86.ActiveCfg = Release|Any CPU
		{DF53B1E5-E9CF-4827-9225-C9B3CD5384B2}.Release|x86.Build.0 = Release|Any CPU
		{5157CE2B-EB05-4851-92DE-C645A2C12300}.Debug|Any CPU.ActiveCfg = Debug|Any CPU
		{5157CE2B-EB05-4851-92DE-C645A2C12300}.Debug|Any CPU.Build.0 = Debug|Any CPU
		{5157CE2B-EB05-4851-92DE-C645A2C12300}.Debug|x64.ActiveCfg = Debug|Any CPU
		{5157CE2B-EB05-4851-92DE-C645A2C12300}.Debug|x64.Build.0 = Debug|Any CPU
		{5157CE2B-EB05-4851-92DE-C645A2C12300}.Debug|x86.ActiveCfg = Debug|Any CPU
		{5157CE2B-EB05-4851-92DE-C645A2C12300}.Debug|x86.Build.0 = Debug|Any CPU
		{5157CE2B-EB05-4851-92DE-C645A2C12300}.Release|Any CPU.ActiveCfg = Release|Any CPU
		{5157CE2B-EB05-4851-92DE-C645A2C12300}.Release|Any CPU.Build.0 = Release|Any CPU
		{5157CE2B-EB05-4851-92DE-C645A2C12300}.Release|x64.ActiveCfg = Release|Any CPU
		{5157CE2B-EB05-4851-92DE-C645A2C12300}.Release|x64.Build.0 = Release|Any CPU
		{5157CE2B-EB05-4851-92DE-C645A2C12300}.Release|x86.ActiveCfg = Release|Any CPU
		{5157CE2B-EB05-4851-92DE-C645A2C12300}.Release|x86.Build.0 = Release|Any CPU
		{23C0D14A-706F-4330-9CA3-FE1A8A8FC005}.Debug|Any CPU.ActiveCfg = Debug|Any CPU
		{23C0D14A-706F-4330-9CA3-FE1A8A8FC005}.Debug|Any CPU.Build.0 = Debug|Any CPU
		{23C0D14A-706F-4330-9CA3-FE1A8A8FC005}.Debug|x64.ActiveCfg = Debug|Any CPU
		{23C0D14A-706F-4330-9CA3-FE1A8A8FC005}.Debug|x64.Build.0 = Debug|Any CPU
		{23C0D14A-706F-4330-9CA3-FE1A8A8FC005}.Debug|x86.ActiveCfg = Debug|Any CPU
		{23C0D14A-706F-4330-9CA3-FE1A8A8FC005}.Debug|x86.Build.0 = Debug|Any CPU
		{23C0D14A-706F-4330-9CA3-FE1A8A8FC005}.Release|Any CPU.ActiveCfg = Release|Any CPU
		{23C0D14A-706F-4330-9CA3-FE1A8A8FC005}.Release|Any CPU.Build.0 = Release|Any CPU
		{23C0D14A-706F-4330-9CA3-FE1A8A8FC005}.Release|x64.ActiveCfg = Release|Any CPU
		{23C0D14A-706F-4330-9CA3-FE1A8A8FC005}.Release|x64.Build.0 = Release|Any CPU
		{23C0D14A-706F-4330-9CA3-FE1A8A8FC005}.Release|x86.ActiveCfg = Release|Any CPU
		{23C0D14A-706F-4330-9CA3-FE1A8A8FC005}.Release|x86.Build.0 = Release|Any CPU
		{9A377254-3A77-456D-9DC9-7A56EEE05EF3}.Debug|Any CPU.ActiveCfg = Debug|Any CPU
		{9A377254-3A77-456D-9DC9-7A56EEE05EF3}.Debug|Any CPU.Build.0 = Debug|Any CPU
		{9A377254-3A77-456D-9DC9-7A56EEE05EF3}.Debug|x64.ActiveCfg = Debug|Any CPU
		{9A377254-3A77-456D-9DC9-7A56EEE05EF3}.Debug|x64.Build.0 = Debug|Any CPU
		{9A377254-3A77-456D-9DC9-7A56EEE05EF3}.Debug|x86.ActiveCfg = Debug|Any CPU
		{9A377254-3A77-456D-9DC9-7A56EEE05EF3}.Debug|x86.Build.0 = Debug|Any CPU
		{9A377254-3A77-456D-9DC9-7A56EEE05EF3}.Release|Any CPU.ActiveCfg = Release|Any CPU
		{9A377254-3A77-456D-9DC9-7A56EEE05EF3}.Release|Any CPU.Build.0 = Release|Any CPU
		{9A377254-3A77-456D-9DC9-7A56EEE05EF3}.Release|x64.ActiveCfg = Release|Any CPU
		{9A377254-3A77-456D-9DC9-7A56EEE05EF3}.Release|x64.Build.0 = Release|Any CPU
		{9A377254-3A77-456D-9DC9-7A56EEE05EF3}.Release|x86.ActiveCfg = Release|Any CPU
		{9A377254-3A77-456D-9DC9-7A56EEE05EF3}.Release|x86.Build.0 = Release|Any CPU
		{2ECC6D5C-E23B-418F-8C43-632928E4927C}.Debug|Any CPU.ActiveCfg = Debug|Any CPU
		{2ECC6D5C-E23B-418F-8C43-632928E4927C}.Debug|Any CPU.Build.0 = Debug|Any CPU
		{2ECC6D5C-E23B-418F-8C43-632928E4927C}.Debug|x64.ActiveCfg = Debug|Any CPU
		{2ECC6D5C-E23B-418F-8C43-632928E4927C}.Debug|x64.Build.0 = Debug|Any CPU
		{2ECC6D5C-E23B-418F-8C43-632928E4927C}.Debug|x86.ActiveCfg = Debug|Any CPU
		{2ECC6D5C-E23B-418F-8C43-632928E4927C}.Debug|x86.Build.0 = Debug|Any CPU
		{2ECC6D5C-E23B-418F-8C43-632928E4927C}.Release|Any CPU.ActiveCfg = Release|Any CPU
		{2ECC6D5C-E23B-418F-8C43-632928E4927C}.Release|Any CPU.Build.0 = Release|Any CPU
		{2ECC6D5C-E23B-418F-8C43-632928E4927C}.Release|x64.ActiveCfg = Release|Any CPU
		{2ECC6D5C-E23B-418F-8C43-632928E4927C}.Release|x64.Build.0 = Release|Any CPU
		{2ECC6D5C-E23B-418F-8C43-632928E4927C}.Release|x86.ActiveCfg = Release|Any CPU
		{2ECC6D5C-E23B-418F-8C43-632928E4927C}.Release|x86.Build.0 = Release|Any CPU
		{EB0878BD-BDEC-498B-A357-45B087E5D87E}.Debug|Any CPU.ActiveCfg = Debug|Any CPU
		{EB0878BD-BDEC-498B-A357-45B087E5D87E}.Debug|Any CPU.Build.0 = Debug|Any CPU
		{EB0878BD-BDEC-498B-A357-45B087E5D87E}.Debug|x64.ActiveCfg = Debug|Any CPU
		{EB0878BD-BDEC-498B-A357-45B087E5D87E}.Debug|x64.Build.0 = Debug|Any CPU
		{EB0878BD-BDEC-498B-A357-45B087E5D87E}.Debug|x86.ActiveCfg = Debug|Any CPU
		{EB0878BD-BDEC-498B-A357-45B087E5D87E}.Debug|x86.Build.0 = Debug|Any CPU
		{EB0878BD-BDEC-498B-A357-45B087E5D87E}.Release|Any CPU.ActiveCfg = Release|Any CPU
		{EB0878BD-BDEC-498B-A357-45B087E5D87E}.Release|Any CPU.Build.0 = Release|Any CPU
		{EB0878BD-BDEC-498B-A357-45B087E5D87E}.Release|x64.ActiveCfg = Release|Any CPU
		{EB0878BD-BDEC-498B-A357-45B087E5D87E}.Release|x64.Build.0 = Release|Any CPU
		{EB0878BD-BDEC-498B-A357-45B087E5D87E}.Release|x86.ActiveCfg = Release|Any CPU
		{EB0878BD-BDEC-498B-A357-45B087E5D87E}.Release|x86.Build.0 = Release|Any CPU
		{7A81C284-6927-4C91-8DE2-94B9978B2C92}.Debug|Any CPU.ActiveCfg = Debug|Any CPU
		{7A81C284-6927-4C91-8DE2-94B9978B2C92}.Debug|Any CPU.Build.0 = Debug|Any CPU
		{7A81C284-6927-4C91-8DE2-94B9978B2C92}.Debug|x64.ActiveCfg = Debug|Any CPU
		{7A81C284-6927-4C91-8DE2-94B9978B2C92}.Debug|x64.Build.0 = Debug|Any CPU
		{7A81C284-6927-4C91-8DE2-94B9978B2C92}.Debug|x86.ActiveCfg = Debug|Any CPU
		{7A81C284-6927-4C91-8DE2-94B9978B2C92}.Debug|x86.Build.0 = Debug|Any CPU
		{7A81C284-6927-4C91-8DE2-94B9978B2C92}.Release|Any CPU.ActiveCfg = Release|Any CPU
		{7A81C284-6927-4C91-8DE2-94B9978B2C92}.Release|Any CPU.Build.0 = Release|Any CPU
		{7A81C284-6927-4C91-8DE2-94B9978B2C92}.Release|x64.ActiveCfg = Release|Any CPU
		{7A81C284-6927-4C91-8DE2-94B9978B2C92}.Release|x64.Build.0 = Release|Any CPU
		{7A81C284-6927-4C91-8DE2-94B9978B2C92}.Release|x86.ActiveCfg = Release|Any CPU
		{7A81C284-6927-4C91-8DE2-94B9978B2C92}.Release|x86.Build.0 = Release|Any CPU
	EndGlobalSection
	GlobalSection(NestedProjects) = preSolution
		{DF53B1E5-E9CF-4827-9225-C9B3CD5384B2} = {7532678C-9692-4CA9-A4FF-77EAAC02D24D}
		{5157CE2B-EB05-4851-92DE-C645A2C12300} = {7532678C-9692-4CA9-A4FF-77EAAC02D24D}
		{23C0D14A-706F-4330-9CA3-FE1A8A8FC005} = {7532678C-9692-4CA9-A4FF-77EAAC02D24D}
		{9A377254-3A77-456D-9DC9-7A56EEE05EF3} = {7532678C-9692-4CA9-A4FF-77EAAC02D24D}
		{2ECC6D5C-E23B-418F-8C43-632928E4927C} = {D24ABD2D-FC43-42E8-8A0A-7B9A9E1B6ADE}
		{EB0878BD-BDEC-498B-A357-45B087E5D87E} = {D24ABD2D-FC43-42E8-8A0A-7B9A9E1B6ADE}
		{7A81C284-6927-4C91-8DE2-94B9978B2C92} = {D24ABD2D-FC43-42E8-8A0A-7B9A9E1B6ADE}
	EndGlobalSection
EndGlobal
