
Microsoft Visual Studio Solution File, Format Version 12.00
# Visual Studio 15
VisualStudioVersion = 15.0.26124.0
MinimumVisualStudioVersion = 15.0.26124.0
Project("{2150E333-8FDC-42A3-9474-1A3956D46DE8}") = "Code", "Code", "{68EF7278-36CD-4544-9A6C-E23371C51C3D}"
EndProject
Project("{FAE04EC0-301F-11D3-BF4B-00C04F79EFBC}") = "auditservice.Api", "Code\auditservice.Api\auditservice.Api.csproj", "{857FCC99-0F20-4AA2-BA0E-78D560FFD7F8}"
EndProject
Project("{FAE04EC0-301F-11D3-BF4B-00C04F79EFBC}") = "auditservice.Business", "Code\auditservice.Business\auditservice.Business.csproj", "{61D25FF1-3D25-476F-AC0B-E1CD5D0F5762}"
EndProject
Project("{FAE04EC0-301F-11D3-BF4B-00C04F79EFBC}") = "auditservice.Data", "Code\auditservice.Data\auditservice.Data.csproj", "{2A47346F-8066-4A99-8FFC-2BA3DE8C1DF7}"
EndProject
Project("{FAE04EC0-301F-11D3-BF4B-00C04F79EFBC}") = "auditservice.Entities", "Code\auditservice.Entities\auditservice.Entities.csproj", "{723F93DC-469F-4F01-A8E8-5253BF6391B3}"
EndProject
Project("{FAE04EC0-301F-11D3-BF4B-00C04F79EFBC}") = "auditservice.Test.Api", "Code\auditservice.Test.Api\auditservice.Test.Api.csproj", "{129CCAC4-3C51-4C26-9648-309CD73B8631}"
EndProject
Project("{FAE04EC0-301F-11D3-BF4B-00C04F79EFBC}") = "auditservice.Test.Business", "Code\auditservice.Test.Business\auditservice.Test.Business.csproj", "{BF442735-3CF3-4D8C-ABCC-ABC835B6B039}"
EndProject
Project("{FAE04EC0-301F-11D3-BF4B-00C04F79EFBC}") = "auditservice.Test.Framework", "Code\auditservice.Test.Framework\auditservice.Test.Framework.csproj", "{9F35948A-7D55-42A8-9F4B-E67F33876B1B}"
EndProject
Project("{2150E333-8FDC-42A3-9474-1A3956D46DE8}") = "Test", "Test", "{FBE12E12-439F-4F8F-8E3F-7DA97B60BEFD}"
EndProject
Global
	GlobalSection(SolutionConfigurationPlatforms) = preSolution
		Debug|Any CPU = Debug|Any CPU
		Debug|x64 = Debug|x64
		Debug|x86 = Debug|x86
		Release|Any CPU = Release|Any CPU
		Release|x64 = Release|x64
		Release|x86 = Release|x86
	EndGlobalSection
	GlobalSection(SolutionProperties) = preSolution
		HideSolutionNode = FALSE
	EndGlobalSection
	GlobalSection(ProjectConfigurationPlatforms) = postSolution
		{857FCC99-0F20-4AA2-BA0E-78D560FFD7F8}.Debug|Any CPU.ActiveCfg = Debug|Any CPU
		{857FCC99-0F20-4AA2-BA0E-78D560FFD7F8}.Debug|Any CPU.Build.0 = Debug|Any CPU
		{857FCC99-0F20-4AA2-BA0E-78D560FFD7F8}.Debug|x64.ActiveCfg = Debug|Any CPU
		{857FCC99-0F20-4AA2-BA0E-78D560FFD7F8}.Debug|x64.Build.0 = Debug|Any CPU
		{857FCC99-0F20-4AA2-BA0E-78D560FFD7F8}.Debug|x86.ActiveCfg = Debug|Any CPU
		{857FCC99-0F20-4AA2-BA0E-78D560FFD7F8}.Debug|x86.Build.0 = Debug|Any CPU
		{857FCC99-0F20-4AA2-BA0E-78D560FFD7F8}.Release|Any CPU.ActiveCfg = Release|Any CPU
		{857FCC99-0F20-4AA2-BA0E-78D560FFD7F8}.Release|Any CPU.Build.0 = Release|Any CPU
		{857FCC99-0F20-4AA2-BA0E-78D560FFD7F8}.Release|x64.ActiveCfg = Release|Any CPU
		{857FCC99-0F20-4AA2-BA0E-78D560FFD7F8}.Release|x64.Build.0 = Release|Any CPU
		{857FCC99-0F20-4AA2-BA0E-78D560FFD7F8}.Release|x86.ActiveCfg = Release|Any CPU
		{857FCC99-0F20-4AA2-BA0E-78D560FFD7F8}.Release|x86.Build.0 = Release|Any CPU
		{61D25FF1-3D25-476F-AC0B-E1CD5D0F5762}.Debug|Any CPU.ActiveCfg = Debug|Any CPU
		{61D25FF1-3D25-476F-AC0B-E1CD5D0F5762}.Debug|Any CPU.Build.0 = Debug|Any CPU
		{61D25FF1-3D25-476F-AC0B-E1CD5D0F5762}.Debug|x64.ActiveCfg = Debug|Any CPU
		{61D25FF1-3D25-476F-AC0B-E1CD5D0F5762}.Debug|x64.Build.0 = Debug|Any CPU
		{61D25FF1-3D25-476F-AC0B-E1CD5D0F5762}.Debug|x86.ActiveCfg = Debug|Any CPU
		{61D25FF1-3D25-476F-AC0B-E1CD5D0F5762}.Debug|x86.Build.0 = Debug|Any CPU
		{61D25FF1-3D25-476F-AC0B-E1CD5D0F5762}.Release|Any CPU.ActiveCfg = Release|Any CPU
		{61D25FF1-3D25-476F-AC0B-E1CD5D0F5762}.Release|Any CPU.Build.0 = Release|Any CPU
		{61D25FF1-3D25-476F-AC0B-E1CD5D0F5762}.Release|x64.ActiveCfg = Release|Any CPU
		{61D25FF1-3D25-476F-AC0B-E1CD5D0F5762}.Release|x64.Build.0 = Release|Any CPU
		{61D25FF1-3D25-476F-AC0B-E1CD5D0F5762}.Release|x86.ActiveCfg = Release|Any CPU
		{61D25FF1-3D25-476F-AC0B-E1CD5D0F5762}.Release|x86.Build.0 = Release|Any CPU
		{2A47346F-8066-4A99-8FFC-2BA3DE8C1DF7}.Debug|Any CPU.ActiveCfg = Debug|Any CPU
		{2A47346F-8066-4A99-8FFC-2BA3DE8C1DF7}.Debug|Any CPU.Build.0 = Debug|Any CPU
		{2A47346F-8066-4A99-8FFC-2BA3DE8C1DF7}.Debug|x64.ActiveCfg = Debug|Any CPU
		{2A47346F-8066-4A99-8FFC-2BA3DE8C1DF7}.Debug|x64.Build.0 = Debug|Any CPU
		{2A47346F-8066-4A99-8FFC-2BA3DE8C1DF7}.Debug|x86.ActiveCfg = Debug|Any CPU
		{2A47346F-8066-4A99-8FFC-2BA3DE8C1DF7}.Debug|x86.Build.0 = Debug|Any CPU
		{2A47346F-8066-4A99-8FFC-2BA3DE8C1DF7}.Release|Any CPU.ActiveCfg = Release|Any CPU
		{2A47346F-8066-4A99-8FFC-2BA3DE8C1DF7}.Release|Any CPU.Build.0 = Release|Any CPU
		{2A47346F-8066-4A99-8FFC-2BA3DE8C1DF7}.Release|x64.ActiveCfg = Release|Any CPU
		{2A47346F-8066-4A99-8FFC-2BA3DE8C1DF7}.Release|x64.Build.0 = Release|Any CPU
		{2A47346F-8066-4A99-8FFC-2BA3DE8C1DF7}.Release|x86.ActiveCfg = Release|Any CPU
		{2A47346F-8066-4A99-8FFC-2BA3DE8C1DF7}.Release|x86.Build.0 = Release|Any CPU
		{723F93DC-469F-4F01-A8E8-5253BF6391B3}.Debug|Any CPU.ActiveCfg = Debug|Any CPU
		{723F93DC-469F-4F01-A8E8-5253BF6391B3}.Debug|Any CPU.Build.0 = Debug|Any CPU
		{723F93DC-469F-4F01-A8E8-5253BF6391B3}.Debug|x64.ActiveCfg = Debug|Any CPU
		{723F93DC-469F-4F01-A8E8-5253BF6391B3}.Debug|x64.Build.0 = Debug|Any CPU
		{723F93DC-469F-4F01-A8E8-5253BF6391B3}.Debug|x86.ActiveCfg = Debug|Any CPU
		{723F93DC-469F-4F01-A8E8-5253BF6391B3}.Debug|x86.Build.0 = Debug|Any CPU
		{723F93DC-469F-4F01-A8E8-5253BF6391B3}.Release|Any CPU.ActiveCfg = Release|Any CPU
		{723F93DC-469F-4F01-A8E8-5253BF6391B3}.Release|Any CPU.Build.0 = Release|Any CPU
		{723F93DC-469F-4F01-A8E8-5253BF6391B3}.Release|x64.ActiveCfg = Release|Any CPU
		{723F93DC-469F-4F01-A8E8-5253BF6391B3}.Release|x64.Build.0 = Release|Any CPU
		{723F93DC-469F-4F01-A8E8-5253BF6391B3}.Release|x86.ActiveCfg = Release|Any CPU
		{723F93DC-469F-4F01-A8E8-5253BF6391B3}.Release|x86.Build.0 = Release|Any CPU
		{129CCAC4-3C51-4C26-9648-309CD73B8631}.Debug|Any CPU.ActiveCfg = Debug|Any CPU
		{129CCAC4-3C51-4C26-9648-309CD73B8631}.Debug|Any CPU.Build.0 = Debug|Any CPU
		{129CCAC4-3C51-4C26-9648-309CD73B8631}.Debug|x64.ActiveCfg = Debug|Any CPU
		{129CCAC4-3C51-4C26-9648-309CD73B8631}.Debug|x64.Build.0 = Debug|Any CPU
		{129CCAC4-3C51-4C26-9648-309CD73B8631}.Debug|x86.ActiveCfg = Debug|Any CPU
		{129CCAC4-3C51-4C26-9648-309CD73B8631}.Debug|x86.Build.0 = Debug|Any CPU
		{129CCAC4-3C51-4C26-9648-309CD73B8631}.Release|Any CPU.ActiveCfg = Release|Any CPU
		{129CCAC4-3C51-4C26-9648-309CD73B8631}.Release|Any CPU.Build.0 = Release|Any CPU
		{129CCAC4-3C51-4C26-9648-309CD73B8631}.Release|x64.ActiveCfg = Release|Any CPU
		{129CCAC4-3C51-4C26-9648-309CD73B8631}.Release|x64.Build.0 = Release|Any CPU
		{129CCAC4-3C51-4C26-9648-309CD73B8631}.Release|x86.ActiveCfg = Release|Any CPU
		{129CCAC4-3C51-4C26-9648-309CD73B8631}.Release|x86.Build.0 = Release|Any CPU
		{BF442735-3CF3-4D8C-ABCC-ABC835B6B039}.Debug|Any CPU.ActiveCfg = Debug|Any CPU
		{BF442735-3CF3-4D8C-ABCC-ABC835B6B039}.Debug|Any CPU.Build.0 = Debug|Any CPU
		{BF442735-3CF3-4D8C-ABCC-ABC835B6B039}.Debug|x64.ActiveCfg = Debug|Any CPU
		{BF442735-3CF3-4D8C-ABCC-ABC835B6B039}.Debug|x64.Build.0 = Debug|Any CPU
		{BF442735-3CF3-4D8C-ABCC-ABC835B6B039}.Debug|x86.ActiveCfg = Debug|Any CPU
		{BF442735-3CF3-4D8C-ABCC-ABC835B6B039}.Debug|x86.Build.0 = Debug|Any CPU
		{BF442735-3CF3-4D8C-ABCC-ABC835B6B039}.Release|Any CPU.ActiveCfg = Release|Any CPU
		{BF442735-3CF3-4D8C-ABCC-ABC835B6B039}.Release|Any CPU.Build.0 = Release|Any CPU
		{BF442735-3CF3-4D8C-ABCC-ABC835B6B039}.Release|x64.ActiveCfg = Release|Any CPU
		{BF442735-3CF3-4D8C-ABCC-ABC835B6B039}.Release|x64.Build.0 = Release|Any CPU
		{BF442735-3CF3-4D8C-ABCC-ABC835B6B039}.Release|x86.ActiveCfg = Release|Any CPU
		{BF442735-3CF3-4D8C-ABCC-ABC835B6B039}.Release|x86.Build.0 = Release|Any CPU
		{9F35948A-7D55-42A8-9F4B-E67F33876B1B}.Debug|Any CPU.ActiveCfg = Debug|Any CPU
		{9F35948A-7D55-42A8-9F4B-E67F33876B1B}.Debug|Any CPU.Build.0 = Debug|Any CPU
		{9F35948A-7D55-42A8-9F4B-E67F33876B1B}.Debug|x64.ActiveCfg = Debug|Any CPU
		{9F35948A-7D55-42A8-9F4B-E67F33876B1B}.Debug|x64.Build.0 = Debug|Any CPU
		{9F35948A-7D55-42A8-9F4B-E67F33876B1B}.Debug|x86.ActiveCfg = Debug|Any CPU
		{9F35948A-7D55-42A8-9F4B-E67F33876B1B}.Debug|x86.Build.0 = Debug|Any CPU
		{9F35948A-7D55-42A8-9F4B-E67F33876B1B}.Release|Any CPU.ActiveCfg = Release|Any CPU
		{9F35948A-7D55-42A8-9F4B-E67F33876B1B}.Release|Any CPU.Build.0 = Release|Any CPU
		{9F35948A-7D55-42A8-9F4B-E67F33876B1B}.Release|x64.ActiveCfg = Release|Any CPU
		{9F35948A-7D55-42A8-9F4B-E67F33876B1B}.Release|x64.Build.0 = Release|Any CPU
		{9F35948A-7D55-42A8-9F4B-E67F33876B1B}.Release|x86.ActiveCfg = Release|Any CPU
		{9F35948A-7D55-42A8-9F4B-E67F33876B1B}.Release|x86.Build.0 = Release|Any CPU
	EndGlobalSection
	GlobalSection(NestedProjects) = preSolution
		{857FCC99-0F20-4AA2-BA0E-78D560FFD7F8} = {68EF7278-36CD-4544-9A6C-E23371C51C3D}
		{61D25FF1-3D25-476F-AC0B-E1CD5D0F5762} = {68EF7278-36CD-4544-9A6C-E23371C51C3D}
		{2A47346F-8066-4A99-8FFC-2BA3DE8C1DF7} = {68EF7278-36CD-4544-9A6C-E23371C51C3D}
		{723F93DC-469F-4F01-A8E8-5253BF6391B3} = {68EF7278-36CD-4544-9A6C-E23371C51C3D}
		{129CCAC4-3C51-4C26-9648-309CD73B8631} = {FBE12E12-439F-4F8F-8E3F-7DA97B60BEFD}
		{BF442735-3CF3-4D8C-ABCC-ABC835B6B039} = {FBE12E12-439F-4F8F-8E3F-7DA97B60BEFD}
		{9F35948A-7D55-42A8-9F4B-E67F33876B1B} = {FBE12E12-439F-4F8F-8E3F-7DA97B60BEFD}
	EndGlobalSection
EndGlobal
